
Microsoft Visual Studio Solution File, Format Version 12.00
Project("{FAE04EC0-301F-11D3-BF4B-00C04F79EFBC}") = "Module3.Client", "Module3.Client\Module3.Client.csproj", "{2A7D39A0-A428-4276-BF76-184CBB0F837D}"
EndProject
Global
	GlobalSection(SolutionConfigurationPlatforms) = preSolution
		Debug|Any CPU = Debug|Any CPU
		Release|Any CPU = Release|Any CPU
	EndGlobalSection
	GlobalSection(ProjectConfigurationPlatforms) = postSolution
		{2A7D39A0-A428-4276-BF76-184CBB0F837D}.Debug|Any CPU.ActiveCfg = Debug|Any CPU
		{2A7D39A0-A428-4276-BF76-184CBB0F837D}.Debug|Any CPU.Build.0 = Debug|Any CPU
		{2A7D39A0-A428-4276-BF76-184CBB0F837D}.Release|Any CPU.ActiveCfg = Release|Any CPU
		{2A7D39A0-A428-4276-BF76-184CBB0F837D}.Release|Any CPU.Build.0 = Release|Any CPU
	EndGlobalSection
EndGlobal
